
Microsoft Visual Studio Solution File, Format Version 12.00
# Visual Studio Version 16
VisualStudioVersion = 16.0.30309.148
MinimumVisualStudioVersion = 10.0.40219.1
Project("{9A19103F-16F7-4668-BE54-9A1E7A4F7556}") = "NUMBER5", "EXAM_GT_CSHARP_CLASS_QUESTION5\NUMBER5.csproj", "{570DDAE2-97AD-4091-808A-484CE051C69E}"
EndProject
Project("{FAE04EC0-301F-11D3-BF4B-00C04F79EFBC}") = "NUMBER1", "NUMBER1\NUMBER1.csproj", "{3FA287B5-1CDE-4078-9328-4C0D9B5AC28B}"
EndProject
Project("{FAE04EC0-301F-11D3-BF4B-00C04F79EFBC}") = "NUMBER2", "NUMBER2\NUMBER2.csproj", "{B8BEC996-1581-474E-BE18-7C425CD09ABC}"
EndProject
Project("{FAE04EC0-301F-11D3-BF4B-00C04F79EFBC}") = "NUMBER3", "NUMBER3\NUMBER3.csproj", "{ED27697C-9C4F-4352-9DEC-3C2C286C5587}"
EndProject
Project("{FAE04EC0-301F-11D3-BF4B-00C04F79EFBC}") = "NUMBER4", "NUMBER4\NUMBER4.csproj", "{A4C647C9-C47E-4EC8-8E06-A85A85BEFD5C}"
EndProject
Global
	GlobalSection(SolutionConfigurationPlatforms) = preSolution
		Debug|Any CPU = Debug|Any CPU
		Release|Any CPU = Release|Any CPU
	EndGlobalSection
	GlobalSection(ProjectConfigurationPlatforms) = postSolution
		{570DDAE2-97AD-4091-808A-484CE051C69E}.Debug|Any CPU.ActiveCfg = Debug|Any CPU
		{570DDAE2-97AD-4091-808A-484CE051C69E}.Debug|Any CPU.Build.0 = Debug|Any CPU
		{570DDAE2-97AD-4091-808A-484CE051C69E}.Release|Any CPU.ActiveCfg = Release|Any CPU
		{570DDAE2-97AD-4091-808A-484CE051C69E}.Release|Any CPU.Build.0 = Release|Any CPU
		{3FA287B5-1CDE-4078-9328-4C0D9B5AC28B}.Debug|Any CPU.ActiveCfg = Debug|Any CPU
		{3FA287B5-1CDE-4078-9328-4C0D9B5AC28B}.Debug|Any CPU.Build.0 = Debug|Any CPU
		{3FA287B5-1CDE-4078-9328-4C0D9B5AC28B}.Release|Any CPU.ActiveCfg = Release|Any CPU
		{3FA287B5-1CDE-4078-9328-4C0D9B5AC28B}.Release|Any CPU.Build.0 = Release|Any CPU
		{B8BEC996-1581-474E-BE18-7C425CD09ABC}.Debug|Any CPU.ActiveCfg = Debug|Any CPU
		{B8BEC996-1581-474E-BE18-7C425CD09ABC}.Debug|Any CPU.Build.0 = Debug|Any CPU
		{B8BEC996-1581-474E-BE18-7C425CD09ABC}.Release|Any CPU.ActiveCfg = Release|Any CPU
		{B8BEC996-1581-474E-BE18-7C425CD09ABC}.Release|Any CPU.Build.0 = Release|Any CPU
		{ED27697C-9C4F-4352-9DEC-3C2C286C5587}.Debug|Any CPU.ActiveCfg = Debug|Any CPU
		{ED27697C-9C4F-4352-9DEC-3C2C286C5587}.Debug|Any CPU.Build.0 = Debug|Any CPU
		{ED27697C-9C4F-4352-9DEC-3C2C286C5587}.Release|Any CPU.ActiveCfg = Release|Any CPU
		{ED27697C-9C4F-4352-9DEC-3C2C286C5587}.Release|Any CPU.Build.0 = Release|Any CPU
		{A4C647C9-C47E-4EC8-8E06-A85A85BEFD5C}.Debug|Any CPU.ActiveCfg = Debug|Any CPU
		{A4C647C9-C47E-4EC8-8E06-A85A85BEFD5C}.Debug|Any CPU.Build.0 = Debug|Any CPU
		{A4C647C9-C47E-4EC8-8E06-A85A85BEFD5C}.Release|Any CPU.ActiveCfg = Release|Any CPU
		{A4C647C9-C47E-4EC8-8E06-A85A85BEFD5C}.Release|Any CPU.Build.0 = Release|Any CPU
	EndGlobalSection
	GlobalSection(SolutionProperties) = preSolution
		HideSolutionNode = FALSE
	EndGlobalSection
	GlobalSection(ExtensibilityGlobals) = postSolution
		SolutionGuid = {057F9931-832B-48BC-BE52-4708101A0C35}
	EndGlobalSection
EndGlobal
